
Microsoft Visual Studio Solution File, Format Version 12.00
# Visual Studio Version 16
VisualStudioVersion = 16.0.31105.61
MinimumVisualStudioVersion = 10.0.40219.1
Project("{FAE04EC0-301F-11D3-BF4B-00C04F79EFBC}") = "TelegramBot.API", "TelegramBot.API\TelegramBot.API.csproj", "{4E752CC1-F67F-4F0A-AD86-604A2C5644CC}"
EndProject
Global
	GlobalSection(SolutionConfigurationPlatforms) = preSolution
		Debug|Any CPU = Debug|Any CPU
		Release|Any CPU = Release|Any CPU
	EndGlobalSection
	GlobalSection(ProjectConfigurationPlatforms) = postSolution
		{4E752CC1-F67F-4F0A-AD86-604A2C5644CC}.Debug|Any CPU.ActiveCfg = Debug|Any CPU
		{4E752CC1-F67F-4F0A-AD86-604A2C5644CC}.Debug|Any CPU.Build.0 = Debug|Any CPU
		{4E752CC1-F67F-4F0A-AD86-604A2C5644CC}.Release|Any CPU.ActiveCfg = Release|Any CPU
		{4E752CC1-F67F-4F0A-AD86-604A2C5644CC}.Release|Any CPU.Build.0 = Release|Any CPU
	EndGlobalSection
	GlobalSection(SolutionProperties) = preSolution
		HideSolutionNode = FALSE
	EndGlobalSection
	GlobalSection(ExtensibilityGlobals) = postSolution
		SolutionGuid = {5D5DCE1B-D024-47C2-8DB3-3D006F88BFDD}
	EndGlobalSection
EndGlobal
